
Microsoft Visual Studio Solution File, Format Version 12.00
# Visual Studio 15
VisualStudioVersion = 15.0.26730.12
MinimumVisualStudioVersion = 10.0.40219.1
Project("{FAE04EC0-301F-11D3-BF4B-00C04F79EFBC}") = "Katalog nemovitostí", "Katalog nemovitostí\Katalog nemovitostí.csproj", "{AB62ED9B-A4CE-4E7B-9D80-3877105F1E0A}"
EndProject
Global
	GlobalSection(SolutionConfigurationPlatforms) = preSolution
		Debug|Any CPU = Debug|Any CPU
		Release|Any CPU = Release|Any CPU
	EndGlobalSection
	GlobalSection(ProjectConfigurationPlatforms) = postSolution
		{AB62ED9B-A4CE-4E7B-9D80-3877105F1E0A}.Debug|Any CPU.ActiveCfg = Debug|Any CPU
		{AB62ED9B-A4CE-4E7B-9D80-3877105F1E0A}.Debug|Any CPU.Build.0 = Debug|Any CPU
		{AB62ED9B-A4CE-4E7B-9D80-3877105F1E0A}.Release|Any CPU.ActiveCfg = Release|Any CPU
		{AB62ED9B-A4CE-4E7B-9D80-3877105F1E0A}.Release|Any CPU.Build.0 = Release|Any CPU
	EndGlobalSection
	GlobalSection(SolutionProperties) = preSolution
		HideSolutionNode = FALSE
	EndGlobalSection
	GlobalSection(ExtensibilityGlobals) = postSolution
		SolutionGuid = {D97B5561-761E-4B10-A01D-DFA57A00EA0E}
	EndGlobalSection
EndGlobal
